Microsoft Visual Studio Solution File, Format Version 11.00
# Visual Studio 2008

Project("{F0937D98-E684-BC38-1ACB-8065F252EA06}") = "ProjectPlatformGrappling", "Assembly-CSharp-firstpass.csproj", "{C9A18324-BFA2-02D2-3255-3E0EA92A6DA3}"
EndProject
Project("{F0937D98-E684-BC38-1ACB-8065F252EA06}") = "ProjectPlatformGrappling", "Assembly-CSharp.csproj", "{10F74BA2-1168-9FFB-0623-0664397D0B60}"
EndProject
Project("{F0937D98-E684-BC38-1ACB-8065F252EA06}") = "ProjectPlatformGrappling", "Assembly-CSharp-Editor.csproj", "{81F08B63-43ED-E954-824F-35EF489D5947}"
EndProject
Global
	GlobalSection(SolutionConfigurationPlatforms) = preSolution
		Debug|Any CPU = Debug|Any CPU
		Release|Any CPU = Release|Any CPU
	EndGlobalSection
	GlobalSection(ProjectConfigurationPlatforms) = postSolution
		{C9A18324-BFA2-02D2-3255-3E0EA92A6DA3}.Debug|Any CPU.ActiveCfg = Debug|Any CPU
		{C9A18324-BFA2-02D2-3255-3E0EA92A6DA3}.Debug|Any CPU.Build.0 = Debug|Any CPU
		{C9A18324-BFA2-02D2-3255-3E0EA92A6DA3}.Release|Any CPU.ActiveCfg = Release|Any CPU
		{C9A18324-BFA2-02D2-3255-3E0EA92A6DA3}.Release|Any CPU.Build.0 = Release|Any CPU
		{10F74BA2-1168-9FFB-0623-0664397D0B60}.Debug|Any CPU.ActiveCfg = Debug|Any CPU
		{10F74BA2-1168-9FFB-0623-0664397D0B60}.Debug|Any CPU.Build.0 = Debug|Any CPU
		{10F74BA2-1168-9FFB-0623-0664397D0B60}.Release|Any CPU.ActiveCfg = Release|Any CPU
		{10F74BA2-1168-9FFB-0623-0664397D0B60}.Release|Any CPU.Build.0 = Release|Any CPU
		{81F08B63-43ED-E954-824F-35EF489D5947}.Debug|Any CPU.ActiveCfg = Debug|Any CPU
		{81F08B63-43ED-E954-824F-35EF489D5947}.Debug|Any CPU.Build.0 = Debug|Any CPU
		{81F08B63-43ED-E954-824F-35EF489D5947}.Release|Any CPU.ActiveCfg = Release|Any CPU
		{81F08B63-43ED-E954-824F-35EF489D5947}.Release|Any CPU.Build.0 = Release|Any CPU
	EndGlobalSection
	GlobalSection(SolutionProperties) = preSolution
		HideSolutionNode = FALSE
	EndGlobalSection
	GlobalSection(MonoDevelopProperties) = preSolution
		StartupItem = Assembly-CSharp.csproj
	EndGlobalSection
EndGlobal
